<Solution>
  <Folder Name="/src/">
    <Project Path="src/TimeOn.Mobile.App/TimeOn.Mobile.App.csproj" />
    <Project Path="src/TimeOn.Mobile.Core/TimeOn.Mobile.Core.csproj" />
    <Project Path="src/TimeOn.Mobile.Infrastructure/TimeOn.Mobile.Infrastructure.csproj" />
  </Folder>
  <Folder Name="/tests/">
    <Project Path="tests/TimeOn.Mobile.UnitTests/TimeOn.Mobile.UnitTests.csproj" />
  </Folder>
</Solution>
